// !$*UTF8*$!
{
	archiveVersion = 1;
	classes = {
	};
	objectVersion = 55;
	objects = {

/* Begin PBXBuildFile section */
		501631E42986DBF800C645A1 /* OpenWeatherAPI in Resources */ = {isa = PBXBuildFile; fileRef = 501631E32986DBF800C645A1 /* OpenWeatherAPI */; };
		501631E72986E9DF00C645A1 /* OpenWeatherAPI in Frameworks */ = {isa = PBXBuildFile; productRef = 501631E62986E9DF00C645A1 /* OpenWeatherAPI */; };
		501631E9298815FA00C645A1 /* HomeScreenView.swift in Sources */ = {isa = PBXBuildFile; fileRef = 501631E8298815FA00C645A1 /* HomeScreenView.swift */; };
		501631EB29884A0000C645A1 /* HourForecastView.swift in Sources */ = {isa = PBXBuildFile; fileRef = 501631EA29884A0000C645A1 /* HourForecastView.swift */; };
		501631ED2988551600C645A1 /* DayForecastView.swift in Sources */ = {isa = PBXBuildFile; fileRef = 501631EC2988551600C645A1 /* DayForecastView.swift */; };
		501631EF298865CF00C645A1 /* SearchLocationView.swift in Sources */ = {isa = PBXBuildFile; fileRef = 501631EE298865CF00C645A1 /* SearchLocationView.swift */; };
		50453C70298C3F6500095FDE /* CLLocationCoordinate2D+Equatable.swift in Sources */ = {isa = PBXBuildFile; fileRef = 50453C6F298C3F6500095FDE /* CLLocationCoordinate2D+Equatable.swift */; };
		50453C72298C5A7900095FDE /* LocationManager.swift in Sources */ = {isa = PBXBuildFile; fileRef = 50453C71298C5A7900095FDE /* LocationManager.swift */; };
		50453C74298C63CC00095FDE /* MKCoordinateRegion+Equatable.swift in Sources */ = {isa = PBXBuildFile; fileRef = 50453C73298C63CC00095FDE /* MKCoordinateRegion+Equatable.swift */; };
		50453C76298C648400095FDE /* MKCoordinateSpan+Equatable.swift in Sources */ = {isa = PBXBuildFile; fileRef = 50453C75298C648400095FDE /* MKCoordinateSpan+Equatable.swift */; };
		50453C78298D4E3900095FDE /* CurrentForecastView.swift in Sources */ = {isa = PBXBuildFile; fileRef = 50453C77298D4E3800095FDE /* CurrentForecastView.swift */; };
		50453C7B298DC22100095FDE /* ManualLocationPickerView.swift in Sources */ = {isa = PBXBuildFile; fileRef = 50453C7A298DC22100095FDE /* ManualLocationPickerView.swift */; };
		50453C7D298DD15A00095FDE /* LocationStorage.swift in Sources */ = {isa = PBXBuildFile; fileRef = 50453C7C298DD15A00095FDE /* LocationStorage.swift */; };
		505AD770298E8F6300DA3C5D /* LaunchScreenView.swift in Sources */ = {isa = PBXBuildFile; fileRef = 505AD76F298E8F6300DA3C5D /* LaunchScreenView.swift */; };
		509B614829868E66002B18FB /* WeatherApp.swift in Sources */ = {isa = PBXBuildFile; fileRef = 509B614729868E66002B18FB /* WeatherApp.swift */; };
		509B614A29868E66002B18FB /* ContentView.swift in Sources */ = {isa = PBXBuildFile; fileRef = 509B614929868E66002B18FB /* ContentView.swift */; };
		509B614C29868E68002B18FB /* Assets.xcassets in Resources */ = {isa = PBXBuildFile; fileRef = 509B614B29868E68002B18FB /* Assets.xcassets */; };
		509B614F29868E68002B18FB /* Preview Assets.xcassets in Resources */ = {isa = PBXBuildFile; fileRef = 509B614E29868E68002B18FB /* Preview Assets.xcassets */; };
/* End PBXBuildFile section */

/* Begin PBXFileReference section */
		501631E32986DBF800C645A1 /* OpenWeatherAPI */ = {isa = PBXFileReference; lastKnownFileType = wrapper; path = OpenWeatherAPI; sourceTree = "<group>"; };
		501631E8298815FA00C645A1 /* HomeScreenView.swift */ = {isa = PBXFileReference; lastKnownFileType = sourcecode.swift; path = HomeScreenView.swift; sourceTree = "<group>"; };
		501631EA29884A0000C645A1 /* HourForecastView.swift */ = {isa = PBXFileReference; lastKnownFileType = sourcecode.swift; path = HourForecastView.swift; sourceTree = "<group>"; };
		501631EC2988551600C645A1 /* DayForecastView.swift */ = {isa = PBXFileReference; lastKnownFileType = sourcecode.swift; path = DayForecastView.swift; sourceTree = "<group>"; };
		501631EE298865CF00C645A1 /* SearchLocationView.swift */ = {isa = PBXFileReference; lastKnownFileType = sourcecode.swift; path = SearchLocationView.swift; sourceTree = "<group>"; };
		50453C6F298C3F6500095FDE /* CLLocationCoordinate2D+Equatable.swift */ = {isa = PBXFileReference; lastKnownFileType = sourcecode.swift; path = "CLLocationCoordinate2D+Equatable.swift"; sourceTree = "<group>"; };
		50453C71298C5A7900095FDE /* LocationManager.swift */ = {isa = PBXFileReference; lastKnownFileType = sourcecode.swift; path = LocationManager.swift; sourceTree = "<group>"; };
		50453C73298C63CC00095FDE /* MKCoordinateRegion+Equatable.swift */ = {isa = PBXFileReference; lastKnownFileType = sourcecode.swift; path = "MKCoordinateRegion+Equatable.swift"; sourceTree = "<group>"; };
		50453C75298C648400095FDE /* MKCoordinateSpan+Equatable.swift */ = {isa = PBXFileReference; lastKnownFileType = sourcecode.swift; path = "MKCoordinateSpan+Equatable.swift"; sourceTree = "<group>"; };
		50453C77298D4E3800095FDE /* CurrentForecastView.swift */ = {isa = PBXFileReference; lastKnownFileType = sourcecode.swift; path = CurrentForecastView.swift; sourceTree = "<group>"; };
		50453C7A298DC22100095FDE /* ManualLocationPickerView.swift */ = {isa = PBXFileReference; lastKnownFileType = sourcecode.swift; path = ManualLocationPickerView.swift; sourceTree = "<group>"; };
		50453C7C298DD15A00095FDE /* LocationStorage.swift */ = {isa = PBXFileReference; lastKnownFileType = sourcecode.swift; path = LocationStorage.swift; sourceTree = "<group>"; };
		505AD76F298E8F6300DA3C5D /* LaunchScreenView.swift */ = {isa = PBXFileReference; lastKnownFileType = sourcecode.swift; path = LaunchScreenView.swift; sourceTree = "<group>"; };
		505AD771298F016E00DA3C5D /* Info.plist */ = {isa = PBXFileReference; lastKnownFileType = text.plist; path = Info.plist; sourceTree = "<group>"; };
		509B614429868E66002B18FB /* Weather.app */ = {isa = PBXFileReference; explicitFileType = wrapper.application; includeInIndex = 0; path = Weather.app; sourceTree = BUILT_PRODUCTS_DIR; };
		509B614729868E66002B18FB /* WeatherApp.swift */ = {isa = PBXFileReference; lastKnownFileType = sourcecode.swift; path = WeatherApp.swift; sourceTree = "<group>"; };
		509B614929868E66002B18FB /* ContentView.swift */ = {isa = PBXFileReference; lastKnownFileType = sourcecode.swift; path = ContentView.swift; sourceTree = "<group>"; };
		509B614B29868E68002B18FB /* Assets.xcassets */ = {isa = PBXFileReference; lastKnownFileType = folder.assetcatalog; path = Assets.xcassets; sourceTree = "<group>"; };
		509B614E29868E68002B18FB /* Preview Assets.xcassets */ = {isa = PBXFileReference; lastKnownFileType = folder.assetcatalog; path = "Preview Assets.xcassets"; sourceTree = "<group>"; };
/* End PBXFileReference section */

/* Begin PBXFrameworksBuildPhase section */
		509B614129868E66002B18FB /* Frameworks */ = {
			isa = PBXFrameworksBuildPhase;
			buildActionMask = 2147483647;
			files = (
				501631E72986E9DF00C645A1 /* OpenWeatherAPI in Frameworks */,
			);
			runOnlyForDeploymentPostprocessing = 0;
		};
/* End PBXFrameworksBuildPhase section */

/* Begin PBXGroup section */
		501631E52986E9DF00C645A1 /* Frameworks */ = {
			isa = PBXGroup;
			children = (
			);
			name = Frameworks;
			sourceTree = "<group>";
		};
		50453C6E298C3F4400095FDE /* Extensions */ = {
			isa = PBXGroup;
			children = (
				50453C6F298C3F6500095FDE /* CLLocationCoordinate2D+Equatable.swift */,
				50453C73298C63CC00095FDE /* MKCoordinateRegion+Equatable.swift */,
				50453C75298C648400095FDE /* MKCoordinateSpan+Equatable.swift */,
			);
			path = Extensions;
			sourceTree = "<group>";
		};
		50453C79298DB3D300095FDE /* Views */ = {
			isa = PBXGroup;
			children = (
				501631E8298815FA00C645A1 /* HomeScreenView.swift */,
				50453C77298D4E3800095FDE /* CurrentForecastView.swift */,
				501631EA29884A0000C645A1 /* HourForecastView.swift */,
				501631EC2988551600C645A1 /* DayForecastView.swift */,
				501631EE298865CF00C645A1 /* SearchLocationView.swift */,
				50453C7A298DC22100095FDE /* ManualLocationPickerView.swift */,
				505AD76F298E8F6300DA3C5D /* LaunchScreenView.swift */,
			);
			path = Views;
			sourceTree = "<group>";
		};
		509B613B29868E66002B18FB = {
			isa = PBXGroup;
			children = (
				509B614629868E66002B18FB /* Weather */,
				509B615729868FD8002B18FB /* LocalPackages */,
				509B614529868E66002B18FB /* Products */,
				501631E52986E9DF00C645A1 /* Frameworks */,
			);
			sourceTree = "<group>";
		};
		509B614529868E66002B18FB /* Products */ = {
			isa = PBXGroup;
			children = (
				509B614429868E66002B18FB /* Weather.app */,
			);
			name = Products;
			sourceTree = "<group>";
		};
		509B614629868E66002B18FB /* Weather */ = {
			isa = PBXGroup;
			children = (
				505AD771298F016E00DA3C5D /* Info.plist */,
				509B614729868E66002B18FB /* WeatherApp.swift */,
				509B614929868E66002B18FB /* ContentView.swift */,
				50453C71298C5A7900095FDE /* LocationManager.swift */,
				50453C7C298DD15A00095FDE /* LocationStorage.swift */,
				50453C79298DB3D300095FDE /* Views */,
				50453C6E298C3F4400095FDE /* Extensions */,
				509B614B29868E68002B18FB /* Assets.xcassets */,
				509B614D29868E68002B18FB /* Preview Content */,
			);
			path = Weather;
			sourceTree = "<group>";
		};
		509B614D29868E68002B18FB /* Preview Content */ = {
			isa = PBXGroup;
			children = (
				509B614E29868E68002B18FB /* Preview Assets.xcassets */,
			);
			path = "Preview Content";
			sourceTree = "<group>";
		};
		509B615729868FD8002B18FB /* LocalPackages */ = {
			isa = PBXGroup;
			children = (
				501631E32986DBF800C645A1 /* OpenWeatherAPI */,
			);
			path = LocalPackages;
			sourceTree = "<group>";
		};
/* End PBXGroup section */

/* Begin PBXNativeTarget section */
		509B614329868E66002B18FB /* Weather */ = {
			isa = PBXNativeTarget;
			buildConfigurationList = 509B615229868E68002B18FB /* Build configuration list for PBXNativeTarget "Weather" */;
			buildPhases = (
				509B614029868E66002B18FB /* Sources */,
				509B614129868E66002B18FB /* Frameworks */,
				509B614229868E66002B18FB /* Resources */,
			);
			buildRules = (
			);
			dependencies = (
			);
			name = Weather;
			packageProductDependencies = (
				501631E62986E9DF00C645A1 /* OpenWeatherAPI */,
			);
			productName = Weather;
			productReference = 509B614429868E66002B18FB /* Weather.app */;
			productType = "com.apple.product-type.application";
		};
/* End PBXNativeTarget section */

/* Begin PBXProject section */
		509B613C29868E66002B18FB /* Project object */ = {
			isa = PBXProject;
			attributes = {
				BuildIndependentTargetsInParallel = 1;
				LastSwiftUpdateCheck = 1320;
				LastUpgradeCheck = 1320;
				TargetAttributes = {
					509B614329868E66002B18FB = {
						CreatedOnToolsVersion = 13.2.1;
					};
				};
			};
			buildConfigurationList = 509B613F29868E66002B18FB /* Build configuration list for PBXProject "Weather" */;
			compatibilityVersion = "Xcode 13.0";
			developmentRegion = en;
			hasScannedForEncodings = 0;
			knownRegions = (
				en,
				Base,
			);
			mainGroup = 509B613B29868E66002B18FB;
			productRefGroup = 509B614529868E66002B18FB /* Products */;
			projectDirPath = "";
			projectRoot = "";
			targets = (
				509B614329868E66002B18FB /* Weather */,
			);
		};
/* End PBXProject section */

/* Begin PBXResourcesBuildPhase section */
		509B614229868E66002B18FB /* Resources */ = {
			isa = PBXResourcesBuildPhase;
			buildActionMask = 2147483647;
			files = (
				509B614F29868E68002B18FB /* Preview Assets.xcassets in Resources */,
				509B614C29868E68002B18FB /* Assets.xcassets in Resources */,
				501631E42986DBF800C645A1 /* OpenWeatherAPI in Resources */,
			);
			runOnlyForDeploymentPostprocessing = 0;
		};
/* End PBXResourcesBuildPhase section */

/* Begin PBXSourcesBuildPhase section */
		509B614029868E66002B18FB /* Sources */ = {
			isa = PBXSourcesBuildPhase;
			buildActionMask = 2147483647;
			files = (
				50453C78298D4E3900095FDE /* CurrentForecastView.swift in Sources */,
				501631E9298815FA00C645A1 /* HomeScreenView.swift in Sources */,
				50453C74298C63CC00095FDE /* MKCoordinateRegion+Equatable.swift in Sources */,
				501631EF298865CF00C645A1 /* SearchLocationView.swift in Sources */,
				501631EB29884A0000C645A1 /* HourForecastView.swift in Sources */,
				50453C76298C648400095FDE /* MKCoordinateSpan+Equatable.swift in Sources */,
				501631ED2988551600C645A1 /* DayForecastView.swift in Sources */,
				50453C72298C5A7900095FDE /* LocationManager.swift in Sources */,
				509B614A29868E66002B18FB /* ContentView.swift in Sources */,
				505AD770298E8F6300DA3C5D /* LaunchScreenView.swift in Sources */,
				50453C7B298DC22100095FDE /* ManualLocationPickerView.swift in Sources */,
				50453C70298C3F6500095FDE /* CLLocationCoordinate2D+Equatable.swift in Sources */,
				50453C7D298DD15A00095FDE /* LocationStorage.swift in Sources */,
				509B614829868E66002B18FB /* WeatherApp.swift in Sources */,
			);
			runOnlyForDeploymentPostprocessing = 0;
		};
/* End PBXSourcesBuildPhase section */

/* Begin XCBuildConfiguration section */
		509B615029868E68002B18FB /* Debug */ = {
			isa = XCBuildConfiguration;
			buildSettings = {
				ALWAYS_SEARCH_USER_PATHS = NO;
				CLANG_ANALYZER_NONNULL = YES;
				CLANG_ANALYZER_NUMBER_OBJECT_CONVERSION = YES_AGGRESSIVE;
				CLANG_CXX_LANGUAGE_STANDARD = "gnu++17";
				CLANG_CXX_LIBRARY = "libc++";
				CLANG_ENABLE_MODULES = YES;
				CLANG_ENABLE_OBJC_ARC = YES;
				CLANG_ENABLE_OBJC_WEAK = YES;
				CLANG_WARN_BLOCK_CAPTURE_AUTORELEASING = YES;
				CLANG_WARN_BOOL_CONVERSION = YES;
				CLANG_WARN_COMMA = YES;
				CLANG_WARN_CONSTANT_CONVERSION = YES;
				CLANG_WARN_DEPRECATED_OBJC_IMPLEMENTATIONS = YES;
				CLANG_WARN_DIRECT_OBJC_ISA_USAGE = YES_ERROR;
				CLANG_WARN_DOCUMENTATION_COMMENTS = YES;
				CLANG_WARN_EMPTY_BODY = YES;
				CLANG_WARN_ENUM_CONVERSION = YES;
				CLANG_WARN_INFINITE_RECURSION = YES;
				CLANG_WARN_INT_CONVERSION = YES;
				CLANG_WARN_NON_LITERAL_NULL_CONVERSION = YES;
				CLANG_WARN_OBJC_IMPLICIT_RETAIN_SELF = YES;
				CLANG_WARN_OBJC_LITERAL_CONVERSION = YES;
				CLANG_WARN_OBJC_ROOT_CLASS = YES_ERROR;
				CLANG_WARN_QUOTED_INCLUDE_IN_FRAMEWORK_HEADER = YES;
				CLANG_WARN_RANGE_LOOP_ANALYSIS = YES;
				CLANG_WARN_STRICT_PROTOTYPES = YES;
				CLANG_WARN_SUSPICIOUS_MOVE = YES;
				CLANG_WARN_UNGUARDED_AVAILABILITY = YES_AGGRESSIVE;
				CLANG_WARN_UNREACHABLE_CODE = YES;
				CLANG_WARN__DUPLICATE_METHOD_MATCH = YES;
				COPY_PHASE_STRIP = NO;
				DEBUG_INFORMATION_FORMAT = dwarf;
				ENABLE_STRICT_OBJC_MSGSEND = YES;
				ENABLE_TESTABILITY = YES;
				GCC_C_LANGUAGE_STANDARD = gnu11;
				GCC_DYNAMIC_NO_PIC = NO;
				GCC_NO_COMMON_BLOCKS = YES;
				GCC_OPTIMIZATION_LEVEL = 0;
				GCC_PREPROCESSOR_DEFINITIONS = (
					"DEBUG=1",
					"$(inherited)",
				);
				GCC_WARN_64_TO_32_BIT_CONVERSION = YES;
				GCC_WARN_ABOUT_RETURN_TYPE = YES_ERROR;
				GCC_WARN_UNDECLARED_SELECTOR = YES;
				GCC_WARN_UNINITIALIZED_AUTOS = YES_AGGRESSIVE;
				GCC_WARN_UNUSED_FUNCTION = YES;
				GCC_WARN_UNUSED_VARIABLE = YES;
				IPHONEOS_DEPLOYMENT_TARGET = 15.2;
				MTL_ENABLE_DEBUG_INFO = INCLUDE_SOURCE;
				MTL_FAST_MATH = YES;
				ONLY_ACTIVE_ARCH = YES;
				SDKROOT = iphoneos;
				SWIFT_ACTIVE_COMPILATION_CONDITIONS = DEBUG;
				SWIFT_OPTIMIZATION_LEVEL = "-Onone";
			};
			name = Debug;
		};
		509B615129868E68002B18FB /* Release */ = {
			isa = XCBuildConfiguration;
			buildSettings = {
				ALWAYS_SEARCH_USER_PATHS = NO;
				CLANG_ANALYZER_NONNULL = YES;
				CLANG_ANALYZER_NUMBER_OBJECT_CONVERSION = YES_AGGRESSIVE;
				CLANG_CXX_LANGUAGE_STANDARD = "gnu++17";
				CLANG_CXX_LIBRARY = "libc++";
				CLANG_ENABLE_MODULES = YES;
				CLANG_ENABLE_OBJC_ARC = YES;
				CLANG_ENABLE_OBJC_WEAK = YES;
				CLANG_WARN_BLOCK_CAPTURE_AUTORELEASING = YES;
				CLANG_WARN_BOOL_CONVERSION = YES;
				CLANG_WARN_COMMA = YES;
				CLANG_WARN_CONSTANT_CONVERSION = YES;
				CLANG_WARN_DEPRECATED_OBJC_IMPLEMENTATIONS = YES;
				CLANG_WARN_DIRECT_OBJC_ISA_USAGE = YES_ERROR;
				CLANG_WARN_DOCUMENTATION_COMMENTS = YES;
				CLANG_WARN_EMPTY_BODY = YES;
				CLANG_WARN_ENUM_CONVERSION = YES;
				CLANG_WARN_INFINITE_RECURSION = YES;
				CLANG_WARN_INT_CONVERSION = YES;
				CLANG_WARN_NON_LITERAL_NULL_CONVERSION = YES;
				CLANG_WARN_OBJC_IMPLICIT_RETAIN_SELF = YES;
				CLANG_WARN_OBJC_LITERAL_CONVERSION = YES;
				CLANG_WARN_OBJC_ROOT_CLASS = YES_ERROR;
				CLANG_WARN_QUOTED_INCLUDE_IN_FRAMEWORK_HEADER = YES;
				CLANG_WARN_RANGE_LOOP_ANALYSIS = YES;
				CLANG_WARN_STRICT_PROTOTYPES = YES;
				CLANG_WARN_SUSPICIOUS_MOVE = YES;
				CLANG_WARN_UNGUARDED_AVAILABILITY = YES_AGGRESSIVE;
				CLANG_WARN_UNREACHABLE_CODE = YES;
				CLANG_WARN__DUPLICATE_METHOD_MATCH = YES;
				COPY_PHASE_STRIP = NO;
				DEBUG_INFORMATION_FORMAT = "dwarf-with-dsym";
				ENABLE_NS_ASSERTIONS = NO;
				ENABLE_STRICT_OBJC_MSGSEND = YES;
				GCC_C_LANGUAGE_STANDARD = gnu11;
				GCC_NO_COMMON_BLOCKS = YES;
				GCC_WARN_64_TO_32_BIT_CONVERSION = YES;
				GCC_WARN_ABOUT_RETURN_TYPE = YES_ERROR;
				GCC_WARN_UNDECLARED_SELECTOR = YES;
				GCC_WARN_UNINITIALIZED_AUTOS = YES_AGGRESSIVE;
				GCC_WARN_UNUSED_FUNCTION = YES;
				GCC_WARN_UNUSED_VARIABLE = YES;
				IPHONEOS_DEPLOYMENT_TARGET = 15.2;
				MTL_ENABLE_DEBUG_INFO = NO;
				MTL_FAST_MATH = YES;
				SDKROOT = iphoneos;
				SWIFT_COMPILATION_MODE = wholemodule;
				SWIFT_OPTIMIZATION_LEVEL = "-O";
				VALIDATE_PRODUCT = YES;
			};
			name = Release;
		};
		509B615329868E68002B18FB /* Debug */ = {
			isa = XCBuildConfiguration;
			buildSettings = {
				ASSETCATALOG_COMPILER_APPICON_NAME = AppIcon;
				ASSETCATALOG_COMPILER_GLOBAL_ACCENT_COLOR_NAME = AccentColor;
				CODE_SIGN_STYLE = Automatic;
				CURRENT_PROJECT_VERSION = 1;
				DEVELOPMENT_ASSET_PATHS = "\"Weather/Preview Content\"";
				DEVELOPMENT_TEAM = N769D7USYT;
				ENABLE_PREVIEWS = YES;
				GENERATE_INFOPLIST_FILE = YES;
				INFOPLIST_FILE = Weather/Info.plist;
				INFOPLIST_KEY_NSFileProviderDomainUsageDescription = "";
				INFOPLIST_KEY_NSLocationWhenInUseUsageDescription = "";
				INFOPLIST_KEY_UIApplicationSceneManifest_Generation = YES;
				INFOPLIST_KEY_UIApplicationSupportsIndirectInputEvents = YES;
				INFOPLIST_KEY_UISupportedInterfaceOrientations_iPad = "UIInterfaceOrientationPortrait UIInterfaceOrientationPortraitUpsideDown UIInterfaceOrientationLandscapeLeft UIInterfaceOrientationLandscapeRight";
				INFOPLIST_KEY_UISupportedInterfaceOrientations_iPhone = "UIInterfaceOrientationPortrait UIInterfaceOrientationLandscapeLeft UIInterfaceOrientationLandscapeRight";
				LD_RUNPATH_SEARCH_PATHS = (
					"$(inherited)",
					"@executable_path/Frameworks",
				);
				MARKETING_VERSION = 1.0;
				PRODUCT_BUNDLE_IDENTIFIER = com.okrchv.Weather;
				PRODUCT_NAME = "$(TARGET_NAME)";
				SWIFT_EMIT_LOC_STRINGS = YES;
				SWIFT_VERSION = 5.0;
				TARGETED_DEVICE_FAMILY = 1;
			};
			name = Debug;
		};
		509B615429868E68002B18FB /* Release */ = {
			isa = XCBuildConfiguration;
			buildSettings = {
				ASSETCATALOG_COMPILER_APPICON_NAME = AppIcon;
				ASSETCATALOG_COMPILER_GLOBAL_ACCENT_COLOR_NAME = AccentColor;
				CODE_SIGN_STYLE = Automatic;
				CURRENT_PROJECT_VERSION = 1;
				DEVELOPMENT_ASSET_PATHS = "\"Weather/Preview Content\"";
				DEVELOPMENT_TEAM = N769D7USYT;
				ENABLE_PREVIEWS = YES;
				GENERATE_INFOPLIST_FILE = YES;
				INFOPLIST_FILE = Weather/Info.plist;
				INFOPLIST_KEY_NSFileProviderDomainUsageDescription = "";
				INFOPLIST_KEY_NSLocationWhenInUseUsageDescription = "";
				INFOPLIST_KEY_UIApplicationSceneManifest_Generation = YES;
				INFOPLIST_KEY_UIApplicationSupportsIndirectInputEvents = YES;
				INFOPLIST_KEY_UISupportedInterfaceOrientations_iPad = "UIInterfaceOrientationPortrait UIInterfaceOrientationPortraitUpsideDown UIInterfaceOrientationLandscapeLeft UIInterfaceOrientationLandscapeRight";
				INFOPLIST_KEY_UISupportedInterfaceOrientations_iPhone = "UIInterfaceOrientationPortrait UIInterfaceOrientationLandscapeLeft UIInterfaceOrientationLandscapeRight";
				LD_RUNPATH_SEARCH_PATHS = (
					"$(inherited)",
					"@executable_path/Frameworks",
				);
				MARKETING_VERSION = 1.0;
				PRODUCT_BUNDLE_IDENTIFIER = com.okrchv.Weather;
				PRODUCT_NAME = "$(TARGET_NAME)";
				SWIFT_EMIT_LOC_STRINGS = YES;
				SWIFT_VERSION = 5.0;
				TARGETED_DEVICE_FAMILY = 1;
			};
			name = Release;
		};
/* End XCBuildConfiguration section */

/* Begin XCConfigurationList section */
		509B613F29868E66002B18FB /* Build configuration list for PBXProject "Weather" */ = {
			isa = XCConfigurationList;
			buildConfigurations = (
				509B615029868E68002B18FB /* Debug */,
				509B615129868E68002B18FB /* Release */,
			);
			defaultConfigurationIsVisible = 0;
			defaultConfigurationName = Release;
		};
		509B615229868E68002B18FB /* Build configuration list for PBXNativeTarget "Weather" */ = {
			isa = XCConfigurationList;
			buildConfigurations = (
				509B615329868E68002B18FB /* Debug */,
				509B615429868E68002B18FB /* Release */,
			);
			defaultConfigurationIsVisible = 0;
			defaultConfigurationName = Release;
		};
/* End XCConfigurationList section */

/* Begin XCSwiftPackageProductDependency section */
		501631E62986E9DF00C645A1 /* OpenWeatherAPI */ = {
			isa = XCSwiftPackageProductDependency;
			productName = OpenWeatherAPI;
		};
/* End XCSwiftPackageProductDependency section */
	};
	rootObject = 509B613C29868E66002B18FB /* Project object */;
}
